// !$*UTF8*$!
{
	archiveVersion = 1;
	classes = {
	};
	objectVersion = 46;
	objects = {

/* Begin PBXBuildFile section */
		14292E67205561A0004AFAE8 /* BasicConfiguration.swift in Sources */ = {isa = PBXBuildFile; fileRef = 14292E55205561A0004AFAE8 /* BasicConfiguration.swift */; };
		14292E68205561A0004AFAE8 /* FormURLEncodedConfiguration.swift in Sources */ = {isa = PBXBuildFile; fileRef = 14292E56205561A0004AFAE8 /* FormURLEncodedConfiguration.swift */; };
		14292E69205561A0004AFAE8 /* MultipartConfiguration.swift in Sources */ = {isa = PBXBuildFile; fileRef = 14292E57205561A0004AFAE8 /* MultipartConfiguration.swift */; };
		14292E6A205561A0004AFAE8 /* BinData.swift in Sources */ = {isa = PBXBuildFile; fileRef = 14292E59205561A0004AFAE8 /* BinData.swift */; };
		14292E6B205561A0004AFAE8 /* BinHeaders.swift in Sources */ = {isa = PBXBuildFile; fileRef = 14292E5A205561A0004AFAE8 /* BinHeaders.swift */; };
		14292E6C205561A0004AFAE8 /* GetResponse.swift in Sources */ = {isa = PBXBuildFile; fileRef = 14292E5C205561A0004AFAE8 /* GetResponse.swift */; };
		14292E6D205561A0004AFAE8 /* MultipartFormDataResponse.swift in Sources */ = {isa = PBXBuildFile; fileRef = 14292E5D205561A0004AFAE8 /* MultipartFormDataResponse.swift */; };
		14292E6E205561A1004AFAE8 /* FormURLEncodedResponse.swift in Sources */ = {isa = PBXBuildFile; fileRef = 14292E5E205561A0004AFAE8 /* FormURLEncodedResponse.swift */; };
		14292E6F205561A1004AFAE8 /* PostResponse.swift in Sources */ = {isa = PBXBuildFile; fileRef = 14292E5F205561A0004AFAE8 /* PostResponse.swift */; };
		14292E71205561A1004AFAE8 /* BasicGetRequest.swift in Sources */ = {isa = PBXBuildFile; fileRef = 14292E62205561A0004AFAE8 /* BasicGetRequest.swift */; };
		14292E72205561A1004AFAE8 /* BasicMultipartFormDataRequest.swift in Sources */ = {isa = PBXBuildFile; fileRef = 14292E63205561A0004AFAE8 /* BasicMultipartFormDataRequest.swift */; };
		14292E73205561A1004AFAE8 /* BasicPostRequest.swift in Sources */ = {isa = PBXBuildFile; fileRef = 14292E64205561A0004AFAE8 /* BasicPostRequest.swift */; };
		14292E74205561A1004AFAE8 /* FormURLEncodedPostRequest.swift in Sources */ = {isa = PBXBuildFile; fileRef = 14292E65205561A0004AFAE8 /* FormURLEncodedPostRequest.swift */; };
		14292E7520556283004AFAE8 /* Astral.framework in Frameworks */ = {isa = PBXBuildFile; fileRef = 14C4C0A82026F29900938416 /* Astral.framework */; };
		14292E76205562A5004AFAE8 /* RxSwift.framework in Frameworks */ = {isa = PBXBuildFile; fileRef = 14C4C0A62026F29900938416 /* RxSwift.framework */; };
		14292E77205562E9004AFAE8 /* ResponseTests.swift in Sources */ = {isa = PBXBuildFile; fileRef = 14292E53205561A0004AFAE8 /* ResponseTests.swift */; };
		14292E7920557C59004AFAE8 /* Foundation.framework in Frameworks */ = {isa = PBXBuildFile; fileRef = 14292E7820557C59004AFAE8 /* Foundation.framework */; };
		14292E7C20557C65004AFAE8 /* RxSwift.framework in Frameworks */ = {isa = PBXBuildFile; fileRef = 14292E7A20557C65004AFAE8 /* RxSwift.framework */; };
		14292E7D20557C65004AFAE8 /* Astral.framework in Frameworks */ = {isa = PBXBuildFile; fileRef = 14292E7B20557C65004AFAE8 /* Astral.framework */; };
		14292E7F20557CD0004AFAE8 /* Foundation.framework in Frameworks */ = {isa = PBXBuildFile; fileRef = 14292E7E20557CD0004AFAE8 /* Foundation.framework */; };
		14292E8220557D2B004AFAE8 /* Astral.framework in Frameworks */ = {isa = PBXBuildFile; fileRef = 14292E8020557D2A004AFAE8 /* Astral.framework */; };
		14292E8320557D2B004AFAE8 /* RxSwift.framework in Frameworks */ = {isa = PBXBuildFile; fileRef = 14292E8120557D2A004AFAE8 /* RxSwift.framework */; };
		14292E8520557D99004AFAE8 /* Foundation.framework in Frameworks */ = {isa = PBXBuildFile; fileRef = 14292E8420557D99004AFAE8 /* Foundation.framework */; };
		14292E8820557DA7004AFAE8 /* RxSwift.framework in Frameworks */ = {isa = PBXBuildFile; fileRef = 14292E8620557DA6004AFAE8 /* RxSwift.framework */; };
		14292E8920557DA7004AFAE8 /* Astral.framework in Frameworks */ = {isa = PBXBuildFile; fileRef = 14292E8720557DA7004AFAE8 /* Astral.framework */; };
		14AAF1C120149E250030A3B1 /* RxAstral.framework in Frameworks */ = {isa = PBXBuildFile; fileRef = 14AAF1B820149E250030A3B1 /* RxAstral.framework */; };
		14AAF1C620149E250030A3B1 /* RxAstralTests.swift in Sources */ = {isa = PBXBuildFile; fileRef = 14AAF1C520149E250030A3B1 /* RxAstralTests.swift */; };
		14AAF1D12014A0500030A3B1 /* RxAstral.swift in Sources */ = {isa = PBXBuildFile; fileRef = 14AAF1D02014A0500030A3B1 /* RxAstral.swift */; };
		14AAF1D32014A1820030A3B1 /* Test Helpers.swift in Sources */ = {isa = PBXBuildFile; fileRef = 14AAF1D22014A1820030A3B1 /* Test Helpers.swift */; };
		14C4C07C2026F0B700938416 /* RxAstral.swift in Sources */ = {isa = PBXBuildFile; fileRef = 14AAF1D02014A0500030A3B1 /* RxAstral.swift */; };
		14C4C08A2026F12200938416 /* RxAstral.swift in Sources */ = {isa = PBXBuildFile; fileRef = 14AAF1D02014A0500030A3B1 /* RxAstral.swift */; };
		14C4C0982026F16D00938416 /* RxAstral.swift in Sources */ = {isa = PBXBuildFile; fileRef = 14AAF1D02014A0500030A3B1 /* RxAstral.swift */; };
		14C4C0A52026F27F00938416 /* Foundation.framework in Frameworks */ = {isa = PBXBuildFile; fileRef = 14C4C0A42026F27E00938416 /* Foundation.framework */; };
		14C4C0AA2026F29900938416 /* RxSwift.framework in Frameworks */ = {isa = PBXBuildFile; fileRef = 14C4C0A62026F29900938416 /* RxSwift.framework */; };
		14C4C0AC2026F29900938416 /* Astral.framework in Frameworks */ = {isa = PBXBuildFile; fileRef = 14C4C0A82026F29900938416 /* Astral.framework */; };
/* End PBXBuildFile section */

/* Begin PBXContainerItemProxy section */
		14AAF1C220149E250030A3B1 /* PBXContainerItemProxy */ = {
			isa = PBXContainerItemProxy;
			containerPortal = 607FACC81AFB9204008FA782 /* Project object */;
			proxyType = 1;
			remoteGlobalIDString = 14AAF1B720149E250030A3B1;
			remoteInfo = RxAstral;
		};
/* End PBXContainerItemProxy section */

/* Begin PBXFileReference section */
		14292E53205561A0004AFAE8 /* ResponseTests.swift */ = {isa = PBXFileReference; fileEncoding = 4; lastKnownFileType = sourcecode.swift; path = ResponseTests.swift; sourceTree = "<group>"; };
		14292E55205561A0004AFAE8 /* BasicConfiguration.swift */ = {isa = PBXFileReference; fileEncoding = 4; lastKnownFileType = sourcecode.swift; path = BasicConfiguration.swift; sourceTree = "<group>"; };
		14292E56205561A0004AFAE8 /* FormURLEncodedConfiguration.swift */ = {isa = PBXFileReference; fileEncoding = 4; lastKnownFileType = sourcecode.swift; path = FormURLEncodedConfiguration.swift; sourceTree = "<group>"; };
		14292E57205561A0004AFAE8 /* MultipartConfiguration.swift */ = {isa = PBXFileReference; fileEncoding = 4; lastKnownFileType = sourcecode.swift; path = MultipartConfiguration.swift; sourceTree = "<group>"; };
		14292E59205561A0004AFAE8 /* BinData.swift */ = {isa = PBXFileReference; fileEncoding = 4; lastKnownFileType = sourcecode.swift; path = BinData.swift; sourceTree = "<group>"; };
		14292E5A205561A0004AFAE8 /* BinHeaders.swift */ = {isa = PBXFileReference; fileEncoding = 4; lastKnownFileType = sourcecode.swift; path = BinHeaders.swift; sourceTree = "<group>"; };
		14292E5C205561A0004AFAE8 /* GetResponse.swift */ = {isa = PBXFileReference; fileEncoding = 4; lastKnownFileType = sourcecode.swift; path = GetResponse.swift; sourceTree = "<group>"; };
		14292E5D205561A0004AFAE8 /* MultipartFormDataResponse.swift */ = {isa = PBXFileReference; fileEncoding = 4; lastKnownFileType = sourcecode.swift; path = MultipartFormDataResponse.swift; sourceTree = "<group>"; };
		14292E5E205561A0004AFAE8 /* FormURLEncodedResponse.swift */ = {isa = PBXFileReference; fileEncoding = 4; lastKnownFileType = sourcecode.swift; path = FormURLEncodedResponse.swift; sourceTree = "<group>"; };
		14292E5F205561A0004AFAE8 /* PostResponse.swift */ = {isa = PBXFileReference; fileEncoding = 4; lastKnownFileType = sourcecode.swift; path = PostResponse.swift; sourceTree = "<group>"; };
		14292E62205561A0004AFAE8 /* BasicGetRequest.swift */ = {isa = PBXFileReference; fileEncoding = 4; lastKnownFileType = sourcecode.swift; path = BasicGetRequest.swift; sourceTree = "<group>"; };
		14292E63205561A0004AFAE8 /* BasicMultipartFormDataRequest.swift */ = {isa = PBXFileReference; fileEncoding = 4; lastKnownFileType = sourcecode.swift; path = BasicMultipartFormDataRequest.swift; sourceTree = "<group>"; };
		14292E64205561A0004AFAE8 /* BasicPostRequest.swift */ = {isa = PBXFileReference; fileEncoding = 4; lastKnownFileType = sourcecode.swift; path = BasicPostRequest.swift; sourceTree = "<group>"; };
		14292E65205561A0004AFAE8 /* FormURLEncodedPostRequest.swift */ = {isa = PBXFileReference; fileEncoding = 4; lastKnownFileType = sourcecode.swift; path = FormURLEncodedPostRequest.swift; sourceTree = "<group>"; };
		14292E7820557C59004AFAE8 /* Foundation.framework */ = {isa = PBXFileReference; lastKnownFileType = wrapper.framework; name = Foundation.framework; path = Platforms/MacOSX.platform/Developer/SDKs/MacOSX10.13.sdk/System/Library/Frameworks/Foundation.framework; sourceTree = DEVELOPER_DIR; };
		14292E7A20557C65004AFAE8 /* RxSwift.framework */ = {isa = PBXFileReference; lastKnownFileType = wrapper.framework; name = RxSwift.framework; path = Carthage/Build/Mac/RxSwift.framework; sourceTree = "<group>"; };
		14292E7B20557C65004AFAE8 /* Astral.framework */ = {isa = PBXFileReference; lastKnownFileType = wrapper.framework; name = Astral.framework; path = Carthage/Build/Mac/Astral.framework; sourceTree = "<group>"; };
		14292E7E20557CD0004AFAE8 /* Foundation.framework */ = {isa = PBXFileReference; lastKnownFileType = wrapper.framework; name = Foundation.framework; path = Platforms/AppleTVOS.platform/Developer/SDKs/AppleTVOS11.2.sdk/System/Library/Frameworks/Foundation.framework; sourceTree = DEVELOPER_DIR; };
		14292E8020557D2A004AFAE8 /* Astral.framework */ = {isa = PBXFileReference; lastKnownFileType = wrapper.framework; name = Astral.framework; path = Carthage/Build/tvOS/Astral.framework; sourceTree = "<group>"; };
		14292E8120557D2A004AFAE8 /* RxSwift.framework */ = {isa = PBXFileReference; lastKnownFileType = wrapper.framework; name = RxSwift.framework; path = Carthage/Build/tvOS/RxSwift.framework; sourceTree = "<group>"; };
		14292E8420557D99004AFAE8 /* Foundation.framework */ = {isa = PBXFileReference; lastKnownFileType = wrapper.framework; name = Foundation.framework; path = Platforms/WatchOS.platform/Developer/SDKs/WatchOS4.2.sdk/System/Library/Frameworks/Foundation.framework; sourceTree = DEVELOPER_DIR; };
		14292E8620557DA6004AFAE8 /* RxSwift.framework */ = {isa = PBXFileReference; lastKnownFileType = wrapper.framework; name = RxSwift.framework; path = Carthage/Build/watchOS/RxSwift.framework; sourceTree = "<group>"; };
		14292E8720557DA7004AFAE8 /* Astral.framework */ = {isa = PBXFileReference; lastKnownFileType = wrapper.framework; name = Astral.framework; path = Carthage/Build/watchOS/Astral.framework; sourceTree = "<group>"; };
		14AAF1B820149E250030A3B1 /* RxAstral.framework */ = {isa = PBXFileReference; explicitFileType = wrapper.framework; includeInIndex = 0; path = RxAstral.framework; sourceTree = BUILT_PRODUCTS_DIR; };
		14AAF1BA20149E250030A3B1 /* RxAstral.h */ = {isa = PBXFileReference; lastKnownFileType = sourcecode.c.h; path = RxAstral.h; sourceTree = "<group>"; };
		14AAF1BB20149E250030A3B1 /* Info.plist */ = {isa = PBXFileReference; lastKnownFileType = text.plist.xml; path = Info.plist; sourceTree = "<group>"; };
		14AAF1C020149E250030A3B1 /* RxAstralTests.xctest */ = {isa = PBXFileReference; explicitFileType = wrapper.cfbundle; includeInIndex = 0; path = RxAstralTests.xctest; sourceTree = BUILT_PRODUCTS_DIR; };
		14AAF1C520149E250030A3B1 /* RxAstralTests.swift */ = {isa = PBXFileReference; lastKnownFileType = sourcecode.swift; path = RxAstralTests.swift; sourceTree = "<group>"; };
		14AAF1C720149E250030A3B1 /* Info.plist */ = {isa = PBXFileReference; lastKnownFileType = text.plist.xml; path = Info.plist; sourceTree = "<group>"; };
		14AAF1D02014A0500030A3B1 /* RxAstral.swift */ = {isa = PBXFileReference; lastKnownFileType = sourcecode.swift; path = RxAstral.swift; sourceTree = "<group>"; };
		14AAF1D22014A1820030A3B1 /* Test Helpers.swift */ = {isa = PBXFileReference; lastKnownFileType = sourcecode.swift; path = "Test Helpers.swift"; sourceTree = "<group>"; };
		14C4BFB52026D65F00938416 /* Cartfile */ = {isa = PBXFileReference; lastKnownFileType = text; path = Cartfile; sourceTree = "<group>"; };
		14C4C0692026EFD300938416 /* Podfile */ = {isa = PBXFileReference; lastKnownFileType = text; path = Podfile; sourceTree = "<group>"; };
		14C4C0862026F0B700938416 /* RxAstral.framework */ = {isa = PBXFileReference; explicitFileType = wrapper.framework; includeInIndex = 0; path = RxAstral.framework; sourceTree = BUILT_PRODUCTS_DIR; };
		14C4C0942026F12200938416 /* RxAstral.framework */ = {isa = PBXFileReference; explicitFileType = wrapper.framework; includeInIndex = 0; path = RxAstral.framework; sourceTree = BUILT_PRODUCTS_DIR; };
		14C4C0A22026F16D00938416 /* RxAstral.framework */ = {isa = PBXFileReference; explicitFileType = wrapper.framework; includeInIndex = 0; path = RxAstral.framework; sourceTree = BUILT_PRODUCTS_DIR; };
		14C4C0A42026F27E00938416 /* Foundation.framework */ = {isa = PBXFileReference; lastKnownFileType = wrapper.framework; name = Foundation.framework; path = System/Library/Frameworks/Foundation.framework; sourceTree = SDKROOT; };
		14C4C0A62026F29900938416 /* RxSwift.framework */ = {isa = PBXFileReference; lastKnownFileType = wrapper.framework; name = RxSwift.framework; path = Carthage/Build/iOS/RxSwift.framework; sourceTree = "<group>"; };
		14C4C0A82026F29900938416 /* Astral.framework */ = {isa = PBXFileReference; lastKnownFileType = wrapper.framework; name = Astral.framework; path = Carthage/Build/iOS/Astral.framework; sourceTree = "<group>"; };
		2FAA36EA2CC3A5F4F5209F26 /* LICENSE */ = {isa = PBXFileReference; includeInIndex = 1; lastKnownFileType = text; path = LICENSE; sourceTree = "<group>"; };
		5E24CDB1590129968BE891D6 /* RxAstral.podspec */ = {isa = PBXFileReference; includeInIndex = 1; lastKnownFileType = text; path = RxAstral.podspec; sourceTree = "<group>"; };
		9B550C6878E1D450F53D3D8C /* README.md */ = {isa = PBXFileReference; includeInIndex = 1; lastKnownFileType = net.daringfireball.markdown; path = README.md; sourceTree = "<group>"; };
/* End PBXFileReference section */

/* Begin PBXFrameworksBuildPhase section */
		14AAF1B420149E250030A3B1 /* Frameworks */ = {
			isa = PBXFrameworksBuildPhase;
			buildActionMask = 2147483647;
			files = (
				14C4C0AA2026F29900938416 /* RxSwift.framework in Frameworks */,
				14C4C0AC2026F29900938416 /* Astral.framework in Frameworks */,
				14C4C0A52026F27F00938416 /* Foundation.framework in Frameworks */,
			);
			runOnlyForDeploymentPostprocessing = 0;
		};
		14AAF1BD20149E250030A3B1 /* Frameworks */ = {
			isa = PBXFrameworksBuildPhase;
			buildActionMask = 2147483647;
			files = (
				14292E76205562A5004AFAE8 /* RxSwift.framework in Frameworks */,
				14292E7520556283004AFAE8 /* Astral.framework in Frameworks */,
				14AAF1C120149E250030A3B1 /* RxAstral.framework in Frameworks */,
			);
			runOnlyForDeploymentPostprocessing = 0;
		};
		14C4C07D2026F0B700938416 /* Frameworks */ = {
			isa = PBXFrameworksBuildPhase;
			buildActionMask = 2147483647;
			files = (
				14292E7C20557C65004AFAE8 /* RxSwift.framework in Frameworks */,
				14292E7D20557C65004AFAE8 /* Astral.framework in Frameworks */,
				14292E7920557C59004AFAE8 /* Foundation.framework in Frameworks */,
			);
			runOnlyForDeploymentPostprocessing = 0;
		};
		14C4C08B2026F12200938416 /* Frameworks */ = {
			isa = PBXFrameworksBuildPhase;
			buildActionMask = 2147483647;
			files = (
				14292E8220557D2B004AFAE8 /* Astral.framework in Frameworks */,
				14292E8320557D2B004AFAE8 /* RxSwift.framework in Frameworks */,
				14292E7F20557CD0004AFAE8 /* Foundation.framework in Frameworks */,
			);
			runOnlyForDeploymentPostprocessing = 0;
		};
		14C4C0992026F16D00938416 /* Frameworks */ = {
			isa = PBXFrameworksBuildPhase;
			buildActionMask = 2147483647;
			files = (
				14292E8820557DA7004AFAE8 /* RxSwift.framework in Frameworks */,
				14292E8920557DA7004AFAE8 /* Astral.framework in Frameworks */,
				14292E8520557D99004AFAE8 /* Foundation.framework in Frameworks */,
			);
			runOnlyForDeploymentPostprocessing = 0;
		};
/* End PBXFrameworksBuildPhase section */

/* Begin PBXGroup section */
		14292E54205561A0004AFAE8 /* Configurations */ = {
			isa = PBXGroup;
			children = (
				14292E55205561A0004AFAE8 /* BasicConfiguration.swift */,
				14292E56205561A0004AFAE8 /* FormURLEncodedConfiguration.swift */,
				14292E57205561A0004AFAE8 /* MultipartConfiguration.swift */,
			);
			path = Configurations;
			sourceTree = "<group>";
		};
		14292E58205561A0004AFAE8 /* Utilities */ = {
			isa = PBXGroup;
			children = (
				14292E59205561A0004AFAE8 /* BinData.swift */,
				14292E5A205561A0004AFAE8 /* BinHeaders.swift */,
			);
			path = Utilities;
			sourceTree = "<group>";
		};
		14292E5B205561A0004AFAE8 /* Responses */ = {
			isa = PBXGroup;
			children = (
				14292E5C205561A0004AFAE8 /* GetResponse.swift */,
				14292E5D205561A0004AFAE8 /* MultipartFormDataResponse.swift */,
				14292E5E205561A0004AFAE8 /* FormURLEncodedResponse.swift */,
				14292E5F205561A0004AFAE8 /* PostResponse.swift */,
			);
			path = Responses;
			sourceTree = "<group>";
		};
		14292E61205561A0004AFAE8 /* Requests */ = {
			isa = PBXGroup;
			children = (
				14292E62205561A0004AFAE8 /* BasicGetRequest.swift */,
				14292E63205561A0004AFAE8 /* BasicMultipartFormDataRequest.swift */,
				14292E64205561A0004AFAE8 /* BasicPostRequest.swift */,
				14292E65205561A0004AFAE8 /* FormURLEncodedPostRequest.swift */,
			);
			path = Requests;
			sourceTree = "<group>";
		};
		14AAF1B920149E250030A3B1 /* Supporting Files */ = {
			isa = PBXGroup;
			children = (
				14AAF1BA20149E250030A3B1 /* RxAstral.h */,
				14AAF1BB20149E250030A3B1 /* Info.plist */,
			);
			path = "Supporting Files";
			sourceTree = "<group>";
		};
		14AAF1C420149E250030A3B1 /* RxAstralTests */ = {
			isa = PBXGroup;
			children = (
				14292E54205561A0004AFAE8 /* Configurations */,
				14292E61205561A0004AFAE8 /* Requests */,
				14292E5B205561A0004AFAE8 /* Responses */,
				14292E58205561A0004AFAE8 /* Utilities */,
				14292E53205561A0004AFAE8 /* ResponseTests.swift */,
				14AAF1D22014A1820030A3B1 /* Test Helpers.swift */,
				14AAF1C520149E250030A3B1 /* RxAstralTests.swift */,
				14AAF1C720149E250030A3B1 /* Info.plist */,
			);
			path = RxAstralTests;
			sourceTree = "<group>";
		};
		14AAF1CF20149E900030A3B1 /* Sources */ = {
			isa = PBXGroup;
			children = (
				14AAF1D02014A0500030A3B1 /* RxAstral.swift */,
			);
			path = Sources;
			sourceTree = "<group>";
		};
		607FACC71AFB9204008FA782 = {
			isa = PBXGroup;
			children = (
				607FACF51AFB993E008FA782 /* Metadata */,
				14AAF1CF20149E900030A3B1 /* Sources */,
				14AAF1B920149E250030A3B1 /* Supporting Files */,
				14AAF1C420149E250030A3B1 /* RxAstralTests */,
				607FACD11AFB9204008FA782 /* Products */,
				F1F52D0E58EC288A9FDB1BF4 /* Frameworks */,
			);
			sourceTree = "<group>";
		};
		607FACD11AFB9204008FA782 /* Products */ = {
			isa = PBXGroup;
			children = (
				14AAF1B820149E250030A3B1 /* RxAstral.framework */,
				14AAF1C020149E250030A3B1 /* RxAstralTests.xctest */,
				14C4C0862026F0B700938416 /* RxAstral.framework */,
				14C4C0942026F12200938416 /* RxAstral.framework */,
				14C4C0A22026F16D00938416 /* RxAstral.framework */,
			);
			name = Products;
			sourceTree = "<group>";
		};
		607FACF51AFB993E008FA782 /* Metadata */ = {
			isa = PBXGroup;
			children = (
				5E24CDB1590129968BE891D6 /* RxAstral.podspec */,
				9B550C6878E1D450F53D3D8C /* README.md */,
				2FAA36EA2CC3A5F4F5209F26 /* LICENSE */,
				14C4BFB52026D65F00938416 /* Cartfile */,
				14C4C0692026EFD300938416 /* Podfile */,
			);
			name = Metadata;
			sourceTree = "<group>";
		};
		F1F52D0E58EC288A9FDB1BF4 /* Frameworks */ = {
			isa = PBXGroup;
			children = (
				14292E8720557DA7004AFAE8 /* Astral.framework */,
				14292E8620557DA6004AFAE8 /* RxSwift.framework */,
				14292E8420557D99004AFAE8 /* Foundation.framework */,
				14292E8020557D2A004AFAE8 /* Astral.framework */,
				14292E8120557D2A004AFAE8 /* RxSwift.framework */,
				14292E7E20557CD0004AFAE8 /* Foundation.framework */,
				14292E7B20557C65004AFAE8 /* Astral.framework */,
				14292E7A20557C65004AFAE8 /* RxSwift.framework */,
				14292E7820557C59004AFAE8 /* Foundation.framework */,
				14C4C0A82026F29900938416 /* Astral.framework */,
				14C4C0A62026F29900938416 /* RxSwift.framework */,
				14C4C0A42026F27E00938416 /* Foundation.framework */,
			);
			name = Frameworks;
			sourceTree = "<group>";
		};
/* End PBXGroup section */

/* Begin PBXHeadersBuildPhase section */
		14AAF1B520149E250030A3B1 /* Headers */ = {
			isa = PBXHeadersBuildPhase;
			buildActionMask = 2147483647;
			files = (
			);
			runOnlyForDeploymentPostprocessing = 0;
		};
		14C4C07E2026F0B700938416 /* Headers */ = {
			isa = PBXHeadersBuildPhase;
			buildActionMask = 2147483647;
			files = (
			);
			runOnlyForDeploymentPostprocessing = 0;
		};
		14C4C08C2026F12200938416 /* Headers */ = {
			isa = PBXHeadersBuildPhase;
			buildActionMask = 2147483647;
			files = (
			);
			runOnlyForDeploymentPostprocessing = 0;
		};
		14C4C09A2026F16D00938416 /* Headers */ = {
			isa = PBXHeadersBuildPhase;
			buildActionMask = 2147483647;
			files = (
			);
			runOnlyForDeploymentPostprocessing = 0;
		};
/* End PBXHeadersBuildPhase section */

/* Begin PBXNativeTarget section */
		14AAF1B720149E250030A3B1 /* RxAstral-iOS */ = {
			isa = PBXNativeTarget;
			buildConfigurationList = 14AAF1CD20149E250030A3B1 /* Build configuration list for PBXNativeTarget "RxAstral-iOS" */;
			buildPhases = (
				14AAF1B320149E250030A3B1 /* Sources */,
				14AAF1B420149E250030A3B1 /* Frameworks */,
				14AAF1B520149E250030A3B1 /* Headers */,
				14AAF1B620149E250030A3B1 /* Resources */,
				14C4C0782026F03800938416 /* Carthage */,
				14C4C0792026F03F00938416 /* Swiftlint */,
			);
			buildRules = (
			);
			dependencies = (
			);
			name = "RxAstral-iOS";
			productName = RxAstral;
			productReference = 14AAF1B820149E250030A3B1 /* RxAstral.framework */;
			productType = "com.apple.product-type.framework";
		};
		14AAF1BF20149E250030A3B1 /* RxAstralTests */ = {
			isa = PBXNativeTarget;
			buildConfigurationList = 14AAF1CE20149E250030A3B1 /* Build configuration list for PBXNativeTarget "RxAstralTests" */;
			buildPhases = (
				14AAF1BC20149E250030A3B1 /* Sources */,
				14AAF1BD20149E250030A3B1 /* Frameworks */,
				14AAF1BE20149E250030A3B1 /* Resources */,
				14292E5220556104004AFAE8 /* Carthage */,
			);
			buildRules = (
			);
			dependencies = (
				14AAF1C320149E250030A3B1 /* PBXTargetDependency */,
			);
			name = RxAstralTests;
			productName = RxAstralTests;
			productReference = 14AAF1C020149E250030A3B1 /* RxAstralTests.xctest */;
			productType = "com.apple.product-type.bundle.unit-test";
		};
		14C4C07A2026F0B700938416 /* RxAstral-Mac */ = {
			isa = PBXNativeTarget;
			buildConfigurationList = 14C4C0832026F0B700938416 /* Build configuration list for PBXNativeTarget "RxAstral-Mac" */;
			buildPhases = (
				14C4C07B2026F0B700938416 /* Sources */,
				14C4C07D2026F0B700938416 /* Frameworks */,
				14C4C07E2026F0B700938416 /* Headers */,
				14C4C0802026F0B700938416 /* Resources */,
				14C4C0812026F0B700938416 /* Carthage */,
				14C4C0822026F0B700938416 /* Swiftlint */,
			);
			buildRules = (
			);
			dependencies = (
			);
			name = "RxAstral-Mac";
			productName = RxAstral;
			productReference = 14C4C0862026F0B700938416 /* RxAstral.framework */;
			productType = "com.apple.product-type.framework";
		};
		14C4C0882026F12200938416 /* RxAstral-tvOS */ = {
			isa = PBXNativeTarget;
			buildConfigurationList = 14C4C0912026F12200938416 /* Build configuration list for PBXNativeTarget "RxAstral-tvOS" */;
			buildPhases = (
				14C4C0892026F12200938416 /* Sources */,
				14C4C08B2026F12200938416 /* Frameworks */,
				14C4C08C2026F12200938416 /* Headers */,
				14C4C08E2026F12200938416 /* Resources */,
				14C4C08F2026F12200938416 /* Carthage */,
				14C4C0902026F12200938416 /* Swiftlint */,
			);
			buildRules = (
			);
			dependencies = (
			);
			name = "RxAstral-tvOS";
			productName = RxAstral;
			productReference = 14C4C0942026F12200938416 /* RxAstral.framework */;
			productType = "com.apple.product-type.framework";
		};
		14C4C0962026F16D00938416 /* RxAstral-watchOS */ = {
			isa = PBXNativeTarget;
			buildConfigurationList = 14C4C09F2026F16D00938416 /* Build configuration list for PBXNativeTarget "RxAstral-watchOS" */;
			buildPhases = (
				14C4C0972026F16D00938416 /* Sources */,
				14C4C0992026F16D00938416 /* Frameworks */,
				14C4C09A2026F16D00938416 /* Headers */,
				14C4C09C2026F16D00938416 /* Resources */,
				14C4C09D2026F16D00938416 /* Carthage */,
				14C4C09E2026F16D00938416 /* Swiftlint */,
			);
			buildRules = (
			);
			dependencies = (
			);
			name = "RxAstral-watchOS";
			productName = RxAstral;
			productReference = 14C4C0A22026F16D00938416 /* RxAstral.framework */;
			productType = "com.apple.product-type.framework";
		};
/* End PBXNativeTarget section */

/* Begin PBXProject section */
		607FACC81AFB9204008FA782 /* Project object */ = {
			isa = PBXProject;
			attributes = {
				LastSwiftUpdateCheck = 0920;
				LastUpgradeCheck = 0920;
				ORGANIZATIONNAME = CocoaPods;
				TargetAttributes = {
					14AAF1B720149E250030A3B1 = {
						CreatedOnToolsVersion = 9.2;
						DevelopmentTeam = S886WPSL95;
						LastSwiftMigration = 0920;
						ProvisioningStyle = Automatic;
					};
					14AAF1BF20149E250030A3B1 = {
						CreatedOnToolsVersion = 9.2;
						DevelopmentTeam = S886WPSL95;
						ProvisioningStyle = Automatic;
					};
					14C4C07A2026F0B700938416 = {
						ProvisioningStyle = Automatic;
					};
					14C4C0882026F12200938416 = {
						DevelopmentTeam = S886WPSL95;
						ProvisioningStyle = Automatic;
					};
					14C4C0962026F16D00938416 = {
						DevelopmentTeam = S886WPSL95;
						ProvisioningStyle = Automatic;
					};
				};
			};
			buildConfigurationList = 607FACCB1AFB9204008FA782 /* Build configuration list for PBXProject "RxAstral" */;
			compatibilityVersion = "Xcode 3.2";
			developmentRegion = English;
			hasScannedForEncodings = 0;
			knownRegions = (
				en,
				Base,
			);
			mainGroup = 607FACC71AFB9204008FA782;
			productRefGroup = 607FACD11AFB9204008FA782 /* Products */;
			projectDirPath = "";
			projectRoot = "";
			targets = (
				14AAF1B720149E250030A3B1 /* RxAstral-iOS */,
				14C4C07A2026F0B700938416 /* RxAstral-Mac */,
				14C4C0882026F12200938416 /* RxAstral-tvOS */,
				14C4C0962026F16D00938416 /* RxAstral-watchOS */,
				14AAF1BF20149E250030A3B1 /* RxAstralTests */,
			);
		};
/* End PBXProject section */

/* Begin PBXResourcesBuildPhase section */
		14AAF1B620149E250030A3B1 /* Resources */ = {
			isa = PBXResourcesBuildPhase;
			buildActionMask = 2147483647;
			files = (
			);
			runOnlyForDeploymentPostprocessing = 0;
		};
		14AAF1BE20149E250030A3B1 /* Resources */ = {
			isa = PBXResourcesBuildPhase;
			buildActionMask = 2147483647;
			files = (
			);
			runOnlyForDeploymentPostprocessing = 0;
		};
		14C4C0802026F0B700938416 /* Resources */ = {
			isa = PBXResourcesBuildPhase;
			buildActionMask = 2147483647;
			files = (
			);
			runOnlyForDeploymentPostprocessing = 0;
		};
		14C4C08E2026F12200938416 /* Resources */ = {
			isa = PBXResourcesBuildPhase;
			buildActionMask = 2147483647;
			files = (
			);
			runOnlyForDeploymentPostprocessing = 0;
		};
		14C4C09C2026F16D00938416 /* Resources */ = {
			isa = PBXResourcesBuildPhase;
			buildActionMask = 2147483647;
			files = (
			);
			runOnlyForDeploymentPostprocessing = 0;
		};
/* End PBXResourcesBuildPhase section */

/* Begin PBXShellScriptBuildPhase section */
		14292E5220556104004AFAE8 /* Carthage */ = {
			isa = PBXShellScriptBuildPhase;
			buildActionMask = 2147483647;
			files = (
			);
			inputPaths = (
				"$(SRCROOT)/Carthage/Build/iOS/Astral.framework",
				"$(SRCROOT)/Carthage/Build/iOS/RxSwift.framework",
			);
			name = Carthage;
			outputPaths = (
				"$(BUILT_PRODUCTS_DIR)/$(FRAMEWORKS_FOLDER_PATH)/Astral.framework",
				"$(BUILT_PRODUCTS_DIR)/$(FRAMEWORKS_FOLDER_PATH)/RxSwift.framework",
			);
			runOnlyForDeploymentPostprocessing = 0;
			shellPath = /bin/sh;
			shellScript = "/usr/local/bin/carthage copy-frameworks";
		};
		14C4C0782026F03800938416 /* Carthage */ = {
			isa = PBXShellScriptBuildPhase;
			buildActionMask = 2147483647;
			files = (
			);
			inputPaths = (
				"$(SRCROOT)/Carthage/Build/iOS/Astral.framework",
				"$(SRCROOT)/Carthage/Build/iOS/RxSwift.framework",
			);
			name = Carthage;
			outputPaths = (
				"$(BUILT_PRODUCTS_DIR)/$(FRAMEWORKS_FOLDER_PATH)/Astral.framework",
				"$(BUILT_PRODUCTS_DIR)/$(FRAMEWORKS_FOLDER_PATH)/RxSwift.framework",
			);
			runOnlyForDeploymentPostprocessing = 0;
			shellPath = /bin/sh;
			shellScript = "/usr/local/bin/carthage copy-frameworks";
		};
		14C4C0792026F03F00938416 /* Swiftlint */ = {
			isa = PBXShellScriptBuildPhase;
			buildActionMask = 2147483647;
			files = (
			);
			inputPaths = (
			);
			name = Swiftlint;
			outputPaths = (
			);
			runOnlyForDeploymentPostprocessing = 0;
			shellPath = /bin/sh;
			shellScript = "";
		};
		14C4C0812026F0B700938416 /* Carthage */ = {
			isa = PBXShellScriptBuildPhase;
			buildActionMask = 2147483647;
			files = (
			);
			inputPaths = (
				"$(SRCROOT)/Carthage/Build/Mac/Astral.framework",
				"$(SRCROOT)/Carthage/Build/Mac/RxSwift.framework",
			);
			name = Carthage;
			outputPaths = (
				"$(BUILT_PRODUCTS_DIR)/$(FRAMEWORKS_FOLDER_PATH)/Astral.framework",
				"$(BUILT_PRODUCTS_DIR)/$(FRAMEWORKS_FOLDER_PATH)/RxSwift.framework",
			);
			runOnlyForDeploymentPostprocessing = 0;
			shellPath = /bin/sh;
			shellScript = "/usr/local/bin/carthage copy-frameworks";
		};
		14C4C0822026F0B700938416 /* Swiftlint */ = {
			isa = PBXShellScriptBuildPhase;
			buildActionMask = 2147483647;
			files = (
			);
			inputPaths = (
			);
			name = Swiftlint;
			outputPaths = (
			);
			runOnlyForDeploymentPostprocessing = 0;
			shellPath = /bin/sh;
			shellScript = "";
		};
		14C4C08F2026F12200938416 /* Carthage */ = {
			isa = PBXShellScriptBuildPhase;
			buildActionMask = 2147483647;
			files = (
			);
			inputPaths = (
				"$(SRCROOT)/Carthage/Build/tvOS/Astral.framework",
				"$(SRCROOT)/Carthage/Build/tvOS/RxSwift.framework",
			);
			name = Carthage;
			outputPaths = (
				"$(BUILT_PRODUCTS_DIR)/$(FRAMEWORKS_FOLDER_PATH)/Astral.framework",
				"$(BUILT_PRODUCTS_DIR)/$(FRAMEWORKS_FOLDER_PATH)/RxSwift.framework",
			);
			runOnlyForDeploymentPostprocessing = 0;
			shellPath = /bin/sh;
			shellScript = "/usr/local/bin/carthage copy-frameworks";
		};
		14C4C0902026F12200938416 /* Swiftlint */ = {
			isa = PBXShellScriptBuildPhase;
			buildActionMask = 2147483647;
			files = (
			);
			inputPaths = (
			);
			name = Swiftlint;
			outputPaths = (
			);
			runOnlyForDeploymentPostprocessing = 0;
			shellPath = /bin/sh;
			shellScript = "";
		};
		14C4C09D2026F16D00938416 /* Carthage */ = {
			isa = PBXShellScriptBuildPhase;
			buildActionMask = 2147483647;
			files = (
			);
			inputPaths = (
				"$(SRCROOT)/Carthage/Build/tvOS/Astral.framework",
				"$(SRCROOT)/Carthage/Build/tvOS/RxSwift.framework",
			);
			name = Carthage;
			outputPaths = (
				"$(BUILT_PRODUCTS_DIR)/$(FRAMEWORKS_FOLDER_PATH)/Astral.framework",
				"$(BUILT_PRODUCTS_DIR)/$(FRAMEWORKS_FOLDER_PATH)/RxSwift.framework",
			);
			runOnlyForDeploymentPostprocessing = 0;
			shellPath = /bin/sh;
			shellScript = "/usr/local/bin/carthage copy-frameworks";
		};
		14C4C09E2026F16D00938416 /* Swiftlint */ = {
			isa = PBXShellScriptBuildPhase;
			buildActionMask = 2147483647;
			files = (
			);
			inputPaths = (
			);
			name = Swiftlint;
			outputPaths = (
			);
			runOnlyForDeploymentPostprocessing = 0;
			shellPath = /bin/sh;
			shellScript = "";
		};
/* End PBXShellScriptBuildPhase section */

/* Begin PBXSourcesBuildPhase section */
		14AAF1B320149E250030A3B1 /* Sources */ = {
			isa = PBXSourcesBuildPhase;
			buildActionMask = 2147483647;
			files = (
				14AAF1D12014A0500030A3B1 /* RxAstral.swift in Sources */,
			);
			runOnlyForDeploymentPostprocessing = 0;
		};
		14AAF1BC20149E250030A3B1 /* Sources */ = {
			isa = PBXSourcesBuildPhase;
			buildActionMask = 2147483647;
			files = (
				14292E77205562E9004AFAE8 /* ResponseTests.swift in Sources */,
				14292E6B205561A0004AFAE8 /* BinHeaders.swift in Sources */,
				14292E74205561A1004AFAE8 /* FormURLEncodedPostRequest.swift in Sources */,
				14292E71205561A1004AFAE8 /* BasicGetRequest.swift in Sources */,
				14292E73205561A1004AFAE8 /* BasicPostRequest.swift in Sources */,
				14292E72205561A1004AFAE8 /* BasicMultipartFormDataRequest.swift in Sources */,
				14292E6A205561A0004AFAE8 /* BinData.swift in Sources */,
				14292E6C205561A0004AFAE8 /* GetResponse.swift in Sources */,
				14AAF1D32014A1820030A3B1 /* Test Helpers.swift in Sources */,
				14292E67205561A0004AFAE8 /* BasicConfiguration.swift in Sources */,
				14292E69205561A0004AFAE8 /* MultipartConfiguration.swift in Sources */,
				14292E68205561A0004AFAE8 /* FormURLEncodedConfiguration.swift in Sources */,
				14AAF1C620149E250030A3B1 /* RxAstralTests.swift in Sources */,
				14292E6D205561A0004AFAE8 /* MultipartFormDataResponse.swift in Sources */,
				14292E6F205561A1004AFAE8 /* PostResponse.swift in Sources */,
				14292E6E205561A1004AFAE8 /* FormURLEncodedResponse.swift in Sources */,
			);
			runOnlyForDeploymentPostprocessing = 0;
		};
		14C4C07B2026F0B700938416 /* Sources */ = {
			isa = PBXSourcesBuildPhase;
			buildActionMask = 2147483647;
			files = (
				14C4C07C2026F0B700938416 /* RxAstral.swift in Sources */,
			);
			runOnlyForDeploymentPostprocessing = 0;
		};
		14C4C0892026F12200938416 /* Sources */ = {
			isa = PBXSourcesBuildPhase;
			buildActionMask = 2147483647;
			files = (
				14C4C08A2026F12200938416 /* RxAstral.swift in Sources */,
			);
			runOnlyForDeploymentPostprocessing = 0;
		};
		14C4C0972026F16D00938416 /* Sources */ = {
			isa = PBXSourcesBuildPhase;
			buildActionMask = 2147483647;
			files = (
				14C4C0982026F16D00938416 /* RxAstral.swift in Sources */,
			);
			runOnlyForDeploymentPostprocessing = 0;
		};
/* End PBXSourcesBuildPhase section */

/* Begin PBXTargetDependency section */
		14AAF1C320149E250030A3B1 /* PBXTargetDependency */ = {
			isa = PBXTargetDependency;
			target = 14AAF1B720149E250030A3B1 /* RxAstral-iOS */;
			targetProxy = 14AAF1C220149E250030A3B1 /* PBXContainerItemProxy */;
		};
/* End PBXTargetDependency section */

/* Begin XCBuildConfiguration section */
		14AAF1C920149E250030A3B1 /* Debug */ = {
			isa = XCBuildConfiguration;
			buildSettings = {
				CLANG_ANALYZER_NONNULL = YES;
				CLANG_ANALYZER_NUMBER_OBJECT_CONVERSION = YES_AGGRESSIVE;
				CLANG_CXX_LANGUAGE_STANDARD = "gnu++14";
				CLANG_ENABLE_MODULES = YES;
				CLANG_WARN_DOCUMENTATION_COMMENTS = YES;
				CLANG_WARN_UNGUARDED_AVAILABILITY = YES_AGGRESSIVE;
				CODE_SIGN_IDENTITY = "iPhone Developer";
				"CODE_SIGN_IDENTITY[sdk=iphoneos*]" = "";
				CODE_SIGN_STYLE = Automatic;
				CURRENT_PROJECT_VERSION = 1;
				DEBUG_INFORMATION_FORMAT = dwarf;
				DEFINES_MODULE = YES;
				DEVELOPMENT_TEAM = S886WPSL95;
				DYLIB_COMPATIBILITY_VERSION = 1;
				DYLIB_CURRENT_VERSION = 1;
				DYLIB_INSTALL_NAME_BASE = "@rpath";
				FRAMEWORK_SEARCH_PATHS = (
					"$(inherited)",
					"$(PROJECT_DIR)/Carthage/Build/iOS",
				);
				GCC_C_LANGUAGE_STANDARD = gnu11;
				INFOPLIST_FILE = "$(SRCROOT)/Supporting Files/Info.plist";
				INSTALL_PATH = "$(LOCAL_LIBRARY_DIR)/Frameworks";
				IPHONEOS_DEPLOYMENT_TARGET = 9.3;
				LD_RUNPATH_SEARCH_PATHS = "$(inherited) @executable_path/Frameworks @loader_path/Frameworks";
				PRODUCT_BUNDLE_IDENTIFIER = com.julioalorro.RxAstral;
				PRODUCT_NAME = RxAstral;
				SKIP_INSTALL = YES;
				SWIFT_ACTIVE_COMPILATION_CONDITIONS = DEBUG;
				SWIFT_OPTIMIZATION_LEVEL = "-Onone";
				SWIFT_VERSION = 4.0;
				TARGETED_DEVICE_FAMILY = "1,2";
				VERSIONING_SYSTEM = "apple-generic";
				VERSION_INFO_PREFIX = "";
			};
			name = Debug;
		};
		14AAF1CA20149E250030A3B1 /* Release */ = {
			isa = XCBuildConfiguration;
			buildSettings = {
				CLANG_ANALYZER_NONNULL = YES;
				CLANG_ANALYZER_NUMBER_OBJECT_CONVERSION = YES_AGGRESSIVE;
				CLANG_CXX_LANGUAGE_STANDARD = "gnu++14";
				CLANG_ENABLE_MODULES = YES;
				CLANG_WARN_DOCUMENTATION_COMMENTS = YES;
				CLANG_WARN_UNGUARDED_AVAILABILITY = YES_AGGRESSIVE;
				CODE_SIGN_IDENTITY = "iPhone Developer";
				"CODE_SIGN_IDENTITY[sdk=iphoneos*]" = "";
				CODE_SIGN_STYLE = Automatic;
				CURRENT_PROJECT_VERSION = 1;
				DEFINES_MODULE = YES;
				DEVELOPMENT_TEAM = S886WPSL95;
				DYLIB_COMPATIBILITY_VERSION = 1;
				DYLIB_CURRENT_VERSION = 1;
				DYLIB_INSTALL_NAME_BASE = "@rpath";
				FRAMEWORK_SEARCH_PATHS = (
					"$(inherited)",
					"$(PROJECT_DIR)/Carthage/Build/iOS",
				);
				GCC_C_LANGUAGE_STANDARD = gnu11;
				INFOPLIST_FILE = "$(SRCROOT)/Supporting Files/Info.plist";
				INSTALL_PATH = "$(LOCAL_LIBRARY_DIR)/Frameworks";
				IPHONEOS_DEPLOYMENT_TARGET = 9.3;
				LD_RUNPATH_SEARCH_PATHS = "$(inherited) @executable_path/Frameworks @loader_path/Frameworks";
				PRODUCT_BUNDLE_IDENTIFIER = com.julioalorro.RxAstral;
				PRODUCT_NAME = RxAstral;
				SKIP_INSTALL = YES;
				SWIFT_VERSION = 4.0;
				TARGETED_DEVICE_FAMILY = "1,2";
				VERSIONING_SYSTEM = "apple-generic";
				VERSION_INFO_PREFIX = "";
			};
			name = Release;
		};
		14AAF1CB20149E250030A3B1 /* Debug */ = {
			isa = XCBuildConfiguration;
			buildSettings = {
				ALWAYS_EMBED_SWIFT_STANDARD_LIBRARIES = "$(inherited)";
				CLANG_ANALYZER_NONNULL = YES;
				CLANG_ANALYZER_NUMBER_OBJECT_CONVERSION = YES_AGGRESSIVE;
				CLANG_CXX_LANGUAGE_STANDARD = "gnu++14";
				CLANG_WARN_DOCUMENTATION_COMMENTS = YES;
				CLANG_WARN_UNGUARDED_AVAILABILITY = YES_AGGRESSIVE;
				CODE_SIGN_IDENTITY = "iPhone Developer";
				CODE_SIGN_STYLE = Automatic;
				DEBUG_INFORMATION_FORMAT = dwarf;
				DEVELOPMENT_TEAM = S886WPSL95;
				FRAMEWORK_SEARCH_PATHS = (
					"$(inherited)",
					"$(PROJECT_DIR)/Carthage/Build/iOS",
				);
				GCC_C_LANGUAGE_STANDARD = gnu11;
				INFOPLIST_FILE = RxAstralTests/Info.plist;
				IPHONEOS_DEPLOYMENT_TARGET = 11.2;
				LD_RUNPATH_SEARCH_PATHS = "$(inherited) @executable_path/Frameworks @loader_path/Frameworks";
				PRODUCT_BUNDLE_IDENTIFIER = com.julioalorro.RxAstralTests;
				PRODUCT_NAME = "$(TARGET_NAME)";
				SWIFT_ACTIVE_COMPILATION_CONDITIONS = DEBUG;
				SWIFT_VERSION = 4.0;
				TARGETED_DEVICE_FAMILY = "1,2";
			};
			name = Debug;
		};
		14AAF1CC20149E250030A3B1 /* Release */ = {
			isa = XCBuildConfiguration;
			buildSettings = {
				ALWAYS_EMBED_SWIFT_STANDARD_LIBRARIES = "$(inherited)";
				CLANG_ANALYZER_NONNULL = YES;
				CLANG_ANALYZER_NUMBER_OBJECT_CONVERSION = YES_AGGRESSIVE;
				CLANG_CXX_LANGUAGE_STANDARD = "gnu++14";
				CLANG_WARN_DOCUMENTATION_COMMENTS = YES;
				CLANG_WARN_UNGUARDED_AVAILABILITY = YES_AGGRESSIVE;
				CODE_SIGN_IDENTITY = "iPhone Developer";
				CODE_SIGN_STYLE = Automatic;
				DEVELOPMENT_TEAM = S886WPSL95;
				FRAMEWORK_SEARCH_PATHS = (
					"$(inherited)",
					"$(PROJECT_DIR)/Carthage/Build/iOS",
				);
				GCC_C_LANGUAGE_STANDARD = gnu11;
				INFOPLIST_FILE = RxAstralTests/Info.plist;
				IPHONEOS_DEPLOYMENT_TARGET = 11.2;
				LD_RUNPATH_SEARCH_PATHS = "$(inherited) @executable_path/Frameworks @loader_path/Frameworks";
				PRODUCT_BUNDLE_IDENTIFIER = com.julioalorro.RxAstralTests;
				PRODUCT_NAME = "$(TARGET_NAME)";
				SWIFT_VERSION = 4.0;
				TARGETED_DEVICE_FAMILY = "1,2";
			};
			name = Release;
		};
		14C4C0842026F0B700938416 /* Debug */ = {
			isa = XCBuildConfiguration;
			buildSettings = {
				CLANG_ANALYZER_NONNULL = YES;
				CLANG_ANALYZER_NUMBER_OBJECT_CONVERSION = YES_AGGRESSIVE;
				CLANG_CXX_LANGUAGE_STANDARD = "gnu++14";
				CLANG_ENABLE_MODULES = YES;
				CLANG_WARN_DOCUMENTATION_COMMENTS = YES;
				CLANG_WARN_UNGUARDED_AVAILABILITY = YES_AGGRESSIVE;
				CODE_SIGN_IDENTITY = "Mac Developer";
				"CODE_SIGN_IDENTITY[sdk=iphoneos*]" = "";
				CODE_SIGN_STYLE = Automatic;
				CURRENT_PROJECT_VERSION = 1;
				DEBUG_INFORMATION_FORMAT = dwarf;
				DEFINES_MODULE = YES;
				DEVELOPMENT_TEAM = "";
				DYLIB_COMPATIBILITY_VERSION = 1;
				DYLIB_CURRENT_VERSION = 1;
				DYLIB_INSTALL_NAME_BASE = "@rpath";
				FRAMEWORK_SEARCH_PATHS = (
					"$(inherited)",
					"$(PROJECT_DIR)/Carthage/Build/Mac",
				);
				GCC_C_LANGUAGE_STANDARD = gnu11;
				INFOPLIST_FILE = "$(SRCROOT)/Supporting Files/Info.plist";
				INSTALL_PATH = "$(LOCAL_LIBRARY_DIR)/Frameworks";
				IPHONEOS_DEPLOYMENT_TARGET = 10.0;
				LD_RUNPATH_SEARCH_PATHS = "$(inherited) @executable_path/Frameworks @loader_path/Frameworks";
				MACOSX_DEPLOYMENT_TARGET = 10.11;
				PRODUCT_BUNDLE_IDENTIFIER = com.julioalorro.RxAstral;
				PRODUCT_NAME = RxAstral;
				PROVISIONING_PROFILE_SPECIFIER = "";
				SDKROOT = macosx;
				SKIP_INSTALL = YES;
				SWIFT_ACTIVE_COMPILATION_CONDITIONS = DEBUG;
				SWIFT_OPTIMIZATION_LEVEL = "-Onone";
				SWIFT_VERSION = 4.0;
				TARGETED_DEVICE_FAMILY = "1,2";
				VERSIONING_SYSTEM = "apple-generic";
				VERSION_INFO_PREFIX = "";
			};
			name = Debug;
		};
		14C4C0852026F0B700938416 /* Release */ = {
			isa = XCBuildConfiguration;
			buildSettings = {
				CLANG_ANALYZER_NONNULL = YES;
				CLANG_ANALYZER_NUMBER_OBJECT_CONVERSION = YES_AGGRESSIVE;
				CLANG_CXX_LANGUAGE_STANDARD = "gnu++14";
				CLANG_ENABLE_MODULES = YES;
				CLANG_WARN_DOCUMENTATION_COMMENTS = YES;
				CLANG_WARN_UNGUARDED_AVAILABILITY = YES_AGGRESSIVE;
				CODE_SIGN_IDENTITY = "Mac Developer";
				"CODE_SIGN_IDENTITY[sdk=iphoneos*]" = "";
				CODE_SIGN_STYLE = Automatic;
				CURRENT_PROJECT_VERSION = 1;
				DEFINES_MODULE = YES;
				DEVELOPMENT_TEAM = "";
				DYLIB_COMPATIBILITY_VERSION = 1;
				DYLIB_CURRENT_VERSION = 1;
				DYLIB_INSTALL_NAME_BASE = "@rpath";
				FRAMEWORK_SEARCH_PATHS = (
					"$(inherited)",
					"$(PROJECT_DIR)/Carthage/Build/Mac",
				);
				GCC_C_LANGUAGE_STANDARD = gnu11;
				INFOPLIST_FILE = "$(SRCROOT)/Supporting Files/Info.plist";
				INSTALL_PATH = "$(LOCAL_LIBRARY_DIR)/Frameworks";
				IPHONEOS_DEPLOYMENT_TARGET = 10.0;
				LD_RUNPATH_SEARCH_PATHS = "$(inherited) @executable_path/Frameworks @loader_path/Frameworks";
				MACOSX_DEPLOYMENT_TARGET = 10.11;
				PRODUCT_BUNDLE_IDENTIFIER = com.julioalorro.RxAstral;
				PRODUCT_NAME = RxAstral;
				PROVISIONING_PROFILE_SPECIFIER = "";
				SDKROOT = macosx;
				SKIP_INSTALL = YES;
				SWIFT_VERSION = 4.0;
				TARGETED_DEVICE_FAMILY = "1,2";
				VERSIONING_SYSTEM = "apple-generic";
				VERSION_INFO_PREFIX = "";
			};
			name = Release;
		};
		14C4C0922026F12200938416 /* Debug */ = {
			isa = XCBuildConfiguration;
			buildSettings = {
				CLANG_ANALYZER_NONNULL = YES;
				CLANG_ANALYZER_NUMBER_OBJECT_CONVERSION = YES_AGGRESSIVE;
				CLANG_CXX_LANGUAGE_STANDARD = "gnu++14";
				CLANG_ENABLE_MODULES = YES;
				CLANG_WARN_DOCUMENTATION_COMMENTS = YES;
				CLANG_WARN_UNGUARDED_AVAILABILITY = YES_AGGRESSIVE;
				CODE_SIGN_IDENTITY = "iPhone Developer";
				"CODE_SIGN_IDENTITY[sdk=iphoneos*]" = "";
				CODE_SIGN_STYLE = Automatic;
				CURRENT_PROJECT_VERSION = 1;
				DEBUG_INFORMATION_FORMAT = dwarf;
				DEFINES_MODULE = YES;
				DEVELOPMENT_TEAM = S886WPSL95;
				DYLIB_COMPATIBILITY_VERSION = 1;
				DYLIB_CURRENT_VERSION = 1;
				DYLIB_INSTALL_NAME_BASE = "@rpath";
				FRAMEWORK_SEARCH_PATHS = (
					"$(inherited)",
					"$(PROJECT_DIR)/Carthage/Build/tvOS",
				);
				GCC_C_LANGUAGE_STANDARD = gnu11;
				INFOPLIST_FILE = "$(SRCROOT)/Supporting Files/Info.plist";
				INSTALL_PATH = "$(LOCAL_LIBRARY_DIR)/Frameworks";
				IPHONEOS_DEPLOYMENT_TARGET = 10.0;
				LD_RUNPATH_SEARCH_PATHS = "$(inherited) @executable_path/Frameworks @loader_path/Frameworks";
				PRODUCT_BUNDLE_IDENTIFIER = com.julioalorro.RxAstral;
				PRODUCT_NAME = RxAstral;
				SDKROOT = appletvos;
				SKIP_INSTALL = YES;
				SWIFT_ACTIVE_COMPILATION_CONDITIONS = DEBUG;
				SWIFT_OPTIMIZATION_LEVEL = "-Onone";
				SWIFT_VERSION = 4.0;
				TARGETED_DEVICE_FAMILY = 3;
				TVOS_DEPLOYMENT_TARGET = 11.0;
				VERSIONING_SYSTEM = "apple-generic";
				VERSION_INFO_PREFIX = "";
			};
			name = Debug;
		};
		14C4C0932026F12200938416 /* Release */ = {
			isa = XCBuildConfiguration;
			buildSettings = {
				CLANG_ANALYZER_NONNULL = YES;
				CLANG_ANALYZER_NUMBER_OBJECT_CONVERSION = YES_AGGRESSIVE;
				CLANG_CXX_LANGUAGE_STANDARD = "gnu++14";
				CLANG_ENABLE_MODULES = YES;
				CLANG_WARN_DOCUMENTATION_COMMENTS = YES;
				CLANG_WARN_UNGUARDED_AVAILABILITY = YES_AGGRESSIVE;
				CODE_SIGN_IDENTITY = "iPhone Developer";
				"CODE_SIGN_IDENTITY[sdk=iphoneos*]" = "";
				CODE_SIGN_STYLE = Automatic;
				CURRENT_PROJECT_VERSION = 1;
				DEFINES_MODULE = YES;
				DEVELOPMENT_TEAM = S886WPSL95;
				DYLIB_COMPATIBILITY_VERSION = 1;
				DYLIB_CURRENT_VERSION = 1;
				DYLIB_INSTALL_NAME_BASE = "@rpath";
				FRAMEWORK_SEARCH_PATHS = (
					"$(inherited)",
					"$(PROJECT_DIR)/Carthage/Build/tvOS",
				);
				GCC_C_LANGUAGE_STANDARD = gnu11;
				INFOPLIST_FILE = "$(SRCROOT)/Supporting Files/Info.plist";
				INSTALL_PATH = "$(LOCAL_LIBRARY_DIR)/Frameworks";
				IPHONEOS_DEPLOYMENT_TARGET = 10.0;
				LD_RUNPATH_SEARCH_PATHS = "$(inherited) @executable_path/Frameworks @loader_path/Frameworks";
				PRODUCT_BUNDLE_IDENTIFIER = com.julioalorro.RxAstral;
				PRODUCT_NAME = RxAstral;
				SDKROOT = appletvos;
				SKIP_INSTALL = YES;
				SWIFT_VERSION = 4.0;
				TARGETED_DEVICE_FAMILY = 3;
				TVOS_DEPLOYMENT_TARGET = 11.0;
				VERSIONING_SYSTEM = "apple-generic";
				VERSION_INFO_PREFIX = "";
			};
			name = Release;
		};
		14C4C0A02026F16D00938416 /* Debug */ = {
			isa = XCBuildConfiguration;
			buildSettings = {
				CLANG_ANALYZER_NONNULL = YES;
				CLANG_ANALYZER_NUMBER_OBJECT_CONVERSION = YES_AGGRESSIVE;
				CLANG_CXX_LANGUAGE_STANDARD = "gnu++14";
				CLANG_ENABLE_MODULES = YES;
				CLANG_WARN_DOCUMENTATION_COMMENTS = YES;
				CLANG_WARN_UNGUARDED_AVAILABILITY = YES_AGGRESSIVE;
				CODE_SIGN_IDENTITY = "iPhone Developer";
				"CODE_SIGN_IDENTITY[sdk=iphoneos*]" = "";
				CODE_SIGN_STYLE = Automatic;
				CURRENT_PROJECT_VERSION = 1;
				DEBUG_INFORMATION_FORMAT = dwarf;
				DEFINES_MODULE = YES;
				DEVELOPMENT_TEAM = S886WPSL95;
				DYLIB_COMPATIBILITY_VERSION = 1;
				DYLIB_CURRENT_VERSION = 1;
				DYLIB_INSTALL_NAME_BASE = "@rpath";
				FRAMEWORK_SEARCH_PATHS = (
					"$(inherited)",
					"$(PROJECT_DIR)/Carthage/Build/watchOS",
				);
				GCC_C_LANGUAGE_STANDARD = gnu11;
				INFOPLIST_FILE = "$(SRCROOT)/Supporting Files/Info.plist";
				INSTALL_PATH = "$(LOCAL_LIBRARY_DIR)/Frameworks";
				IPHONEOS_DEPLOYMENT_TARGET = 10.0;
				LD_RUNPATH_SEARCH_PATHS = "$(inherited) @executable_path/Frameworks @loader_path/Frameworks";
				PRODUCT_BUNDLE_IDENTIFIER = com.julioalorro.RxAstral;
				PRODUCT_NAME = RxAstral;
				SDKROOT = watchos;
				SKIP_INSTALL = YES;
				SWIFT_ACTIVE_COMPILATION_CONDITIONS = DEBUG;
				SWIFT_OPTIMIZATION_LEVEL = "-Onone";
				SWIFT_VERSION = 4.0;
				TARGETED_DEVICE_FAMILY = 4;
				TVOS_DEPLOYMENT_TARGET = 11.0;
				VERSIONING_SYSTEM = "apple-generic";
				VERSION_INFO_PREFIX = "";
				WATCHOS_DEPLOYMENT_TARGET = 4.0;
			};
			name = Debug;
		};
		14C4C0A12026F16D00938416 /* Release */ = {
			isa = XCBuildConfiguration;
			buildSettings = {
				CLANG_ANALYZER_NONNULL = YES;
				CLANG_ANALYZER_NUMBER_OBJECT_CONVERSION = YES_AGGRESSIVE;
				CLANG_CXX_LANGUAGE_STANDARD = "gnu++14";
				CLANG_ENABLE_MODULES = YES;
				CLANG_WARN_DOCUMENTATION_COMMENTS = YES;
				CLANG_WARN_UNGUARDED_AVAILABILITY = YES_AGGRESSIVE;
				CODE_SIGN_IDENTITY = "iPhone Developer";
				"CODE_SIGN_IDENTITY[sdk=iphoneos*]" = "";
				CODE_SIGN_STYLE = Automatic;
				CURRENT_PROJECT_VERSION = 1;
				DEFINES_MODULE = YES;
				DEVELOPMENT_TEAM = S886WPSL95;
				DYLIB_COMPATIBILITY_VERSION = 1;
				DYLIB_CURRENT_VERSION = 1;
				DYLIB_INSTALL_NAME_BASE = "@rpath";
				FRAMEWORK_SEARCH_PATHS = (
					"$(inherited)",
					"$(PROJECT_DIR)/Carthage/Build/watchOS",
				);
				GCC_C_LANGUAGE_STANDARD = gnu11;
				INFOPLIST_FILE = "$(SRCROOT)/Supporting Files/Info.plist";
				INSTALL_PATH = "$(LOCAL_LIBRARY_DIR)/Frameworks";
				IPHONEOS_DEPLOYMENT_TARGET = 10.0;
				LD_RUNPATH_SEARCH_PATHS = "$(inherited) @executable_path/Frameworks @loader_path/Frameworks";
				PRODUCT_BUNDLE_IDENTIFIER = com.julioalorro.RxAstral;
				PRODUCT_NAME = RxAstral;
				SDKROOT = watchos;
				SKIP_INSTALL = YES;
				SWIFT_VERSION = 4.0;
				TARGETED_DEVICE_FAMILY = 4;
				TVOS_DEPLOYMENT_TARGET = 11.0;
				VERSIONING_SYSTEM = "apple-generic";
				VERSION_INFO_PREFIX = "";
				WATCHOS_DEPLOYMENT_TARGET = 4.0;
			};
			name = Release;
		};
		607FACED1AFB9204008FA782 /* Debug */ = {
			isa = XCBuildConfiguration;
			buildSettings = {
				ALWAYS_SEARCH_USER_PATHS = NO;
				CLANG_CXX_LANGUAGE_STANDARD = "gnu++0x";
				CLANG_CXX_LIBRARY = "libc++";
				CLANG_ENABLE_MODULES = YES;
				CLANG_ENABLE_OBJC_ARC = YES;
				CLANG_WARN_BLOCK_CAPTURE_AUTORELEASING = YES;
				CLANG_WARN_BOOL_CONVERSION = YES;
				CLANG_WARN_COMMA = YES;
				CLANG_WARN_CONSTANT_CONVERSION = YES;
				CLANG_WARN_DIRECT_OBJC_ISA_USAGE = YES_ERROR;
				CLANG_WARN_EMPTY_BODY = YES;
				CLANG_WARN_ENUM_CONVERSION = YES;
				CLANG_WARN_INFINITE_RECURSION = YES;
				CLANG_WARN_INT_CONVERSION = YES;
				CLANG_WARN_NON_LITERAL_NULL_CONVERSION = YES;
				CLANG_WARN_OBJC_LITERAL_CONVERSION = YES;
				CLANG_WARN_OBJC_ROOT_CLASS = YES_ERROR;
				CLANG_WARN_RANGE_LOOP_ANALYSIS = YES;
				CLANG_WARN_STRICT_PROTOTYPES = YES;
				CLANG_WARN_SUSPICIOUS_MOVE = YES;
				CLANG_WARN_UNREACHABLE_CODE = YES;
				CLANG_WARN__DUPLICATE_METHOD_MATCH = YES;
				"CODE_SIGN_IDENTITY[sdk=iphoneos*]" = "iPhone Developer";
				COPY_PHASE_STRIP = NO;
				DEBUG_INFORMATION_FORMAT = "dwarf-with-dsym";
				ENABLE_STRICT_OBJC_MSGSEND = YES;
				ENABLE_TESTABILITY = YES;
				GCC_C_LANGUAGE_STANDARD = gnu99;
				GCC_DYNAMIC_NO_PIC = NO;
				GCC_NO_COMMON_BLOCKS = YES;
				GCC_OPTIMIZATION_LEVEL = 0;
				GCC_PREPROCESSOR_DEFINITIONS = (
					"DEBUG=1",
					"$(inherited)",
				);
				GCC_SYMBOLS_PRIVATE_EXTERN = NO;
				GCC_WARN_64_TO_32_BIT_CONVERSION = YES;
				GCC_WARN_ABOUT_RETURN_TYPE = YES_ERROR;
				GCC_WARN_UNDECLARED_SELECTOR = YES;
				GCC_WARN_UNINITIALIZED_AUTOS = YES_AGGRESSIVE;
				GCC_WARN_UNUSED_FUNCTION = YES;
				GCC_WARN_UNUSED_VARIABLE = YES;
				IPHONEOS_DEPLOYMENT_TARGET = 9.3;
				MACOSX_DEPLOYMENT_TARGET = 10.11;
				MTL_ENABLE_DEBUG_INFO = YES;
				ONLY_ACTIVE_ARCH = YES;
				SDKROOT = iphoneos;
				SWIFT_OPTIMIZATION_LEVEL = "-Onone";
			};
			name = Debug;
		};
		607FACEE1AFB9204008FA782 /* Release */ = {
			isa = XCBuildConfiguration;
			buildSettings = {
				ALWAYS_SEARCH_USER_PATHS = NO;
				CLANG_CXX_LANGUAGE_STANDARD = "gnu++0x";
				CLANG_CXX_LIBRARY = "libc++";
				CLANG_ENABLE_MODULES = YES;
				CLANG_ENABLE_OBJC_ARC = YES;
				CLANG_WARN_BLOCK_CAPTURE_AUTORELEASING = YES;
				CLANG_WARN_BOOL_CONVERSION = YES;
				CLANG_WARN_COMMA = YES;
				CLANG_WARN_CONSTANT_CONVERSION = YES;
				CLANG_WARN_DIRECT_OBJC_ISA_USAGE = YES_ERROR;
				CLANG_WARN_EMPTY_BODY = YES;
				CLANG_WARN_ENUM_CONVERSION = YES;
				CLANG_WARN_INFINITE_RECURSION = YES;
				CLANG_WARN_INT_CONVERSION = YES;
				CLANG_WARN_NON_LITERAL_NULL_CONVERSION = YES;
				CLANG_WARN_OBJC_LITERAL_CONVERSION = YES;
				CLANG_WARN_OBJC_ROOT_CLASS = YES_ERROR;
				CLANG_WARN_RANGE_LOOP_ANALYSIS = YES;
				CLANG_WARN_STRICT_PROTOTYPES = YES;
				CLANG_WARN_SUSPICIOUS_MOVE = YES;
				CLANG_WARN_UNREACHABLE_CODE = YES;
				CLANG_WARN__DUPLICATE_METHOD_MATCH = YES;
				"CODE_SIGN_IDENTITY[sdk=iphoneos*]" = "iPhone Developer";
				COPY_PHASE_STRIP = NO;
				DEBUG_INFORMATION_FORMAT = "dwarf-with-dsym";
				ENABLE_NS_ASSERTIONS = NO;
				ENABLE_STRICT_OBJC_MSGSEND = YES;
				GCC_C_LANGUAGE_STANDARD = gnu99;
				GCC_NO_COMMON_BLOCKS = YES;
				GCC_WARN_64_TO_32_BIT_CONVERSION = YES;
				GCC_WARN_ABOUT_RETURN_TYPE = YES_ERROR;
				GCC_WARN_UNDECLARED_SELECTOR = YES;
				GCC_WARN_UNINITIALIZED_AUTOS = YES_AGGRESSIVE;
				GCC_WARN_UNUSED_FUNCTION = YES;
				GCC_WARN_UNUSED_VARIABLE = YES;
				IPHONEOS_DEPLOYMENT_TARGET = 9.3;
				MACOSX_DEPLOYMENT_TARGET = 10.11;
				MTL_ENABLE_DEBUG_INFO = NO;
				SDKROOT = iphoneos;
				SWIFT_OPTIMIZATION_LEVEL = "-Owholemodule";
				VALIDATE_PRODUCT = YES;
			};
			name = Release;
		};
/* End XCBuildConfiguration section */

/* Begin XCConfigurationList section */
		14AAF1CD20149E250030A3B1 /* Build configuration list for PBXNativeTarget "RxAstral-iOS" */ = {
			isa = XCConfigurationList;
			buildConfigurations = (
				14AAF1C920149E250030A3B1 /* Debug */,
				14AAF1CA20149E250030A3B1 /* Release */,
			);
			defaultConfigurationIsVisible = 0;
			defaultConfigurationName = Release;
		};
		14AAF1CE20149E250030A3B1 /* Build configuration list for PBXNativeTarget "RxAstralTests" */ = {
			isa = XCConfigurationList;
			buildConfigurations = (
				14AAF1CB20149E250030A3B1 /* Debug */,
				14AAF1CC20149E250030A3B1 /* Release */,
			);
			defaultConfigurationIsVisible = 0;
			defaultConfigurationName = Release;
		};
		14C4C0832026F0B700938416 /* Build configuration list for PBXNativeTarget "RxAstral-Mac" */ = {
			isa = XCConfigurationList;
			buildConfigurations = (
				14C4C0842026F0B700938416 /* Debug */,
				14C4C0852026F0B700938416 /* Release */,
			);
			defaultConfigurationIsVisible = 0;
			defaultConfigurationName = Release;
		};
		14C4C0912026F12200938416 /* Build configuration list for PBXNativeTarget "RxAstral-tvOS" */ = {
			isa = XCConfigurationList;
			buildConfigurations = (
				14C4C0922026F12200938416 /* Debug */,
				14C4C0932026F12200938416 /* Release */,
			);
			defaultConfigurationIsVisible = 0;
			defaultConfigurationName = Release;
		};
		14C4C09F2026F16D00938416 /* Build configuration list for PBXNativeTarget "RxAstral-watchOS" */ = {
			isa = XCConfigurationList;
			buildConfigurations = (
				14C4C0A02026F16D00938416 /* Debug */,
				14C4C0A12026F16D00938416 /* Release */,
			);
			defaultConfigurationIsVisible = 0;
			defaultConfigurationName = Release;
		};
		607FACCB1AFB9204008FA782 /* Build configuration list for PBXProject "RxAstral" */ = {
			isa = XCConfigurationList;
			buildConfigurations = (
				607FACED1AFB9204008FA782 /* Debug */,
				607FACEE1AFB9204008FA782 /* Release */,
			);
			defaultConfigurationIsVisible = 0;
			defaultConfigurationName = Release;
		};
/* End XCConfigurationList section */
	};
	rootObject = 607FACC81AFB9204008FA782 /* Project object */;
}
